// !$*UTF8*$!
{
	archiveVersion = 1;
	classes = {
	};
	objectVersion = 51;
	objects = {

/* Begin PBXBuildFile section */
		418E8F96634A6DE38D62F092 /* Pods_Covid_Entrance_Check.framework in Frameworks */ = {isa = PBXBuildFile; fileRef = 7FAA10B1AAF4D3078E1381CF /* Pods_Covid_Entrance_Check.framework */; };
		880BE4F72426A0E2008DCCF4 /* AppDelegate.swift in Sources */ = {isa = PBXBuildFile; fileRef = 880BE4F62426A0E2008DCCF4 /* AppDelegate.swift */; };
		880BE4F92426A0E2008DCCF4 /* SceneDelegate.swift in Sources */ = {isa = PBXBuildFile; fileRef = 880BE4F82426A0E2008DCCF4 /* SceneDelegate.swift */; };
		880BE4FB2426A0E2008DCCF4 /* ViewController.swift in Sources */ = {isa = PBXBuildFile; fileRef = 880BE4FA2426A0E2008DCCF4 /* ViewController.swift */; };
		880BE4FE2426A0E2008DCCF4 /* Main.storyboard in Resources */ = {isa = PBXBuildFile; fileRef = 880BE4FC2426A0E2008DCCF4 /* Main.storyboard */; };
		880BE5002426A0E4008DCCF4 /* Assets.xcassets in Resources */ = {isa = PBXBuildFile; fileRef = 880BE4FF2426A0E4008DCCF4 /* Assets.xcassets */; };
		880BE5032426A0E4008DCCF4 /* LaunchScreen.storyboard in Resources */ = {isa = PBXBuildFile; fileRef = 880BE5012426A0E4008DCCF4 /* LaunchScreen.storyboard */; };
		880BE50B2426AFD5008DCCF4 /* FilialenFinderTab.swift in Sources */ = {isa = PBXBuildFile; fileRef = 880BE50A2426AFD5008DCCF4 /* FilialenFinderTab.swift */; };
		880BE50D2426B039008DCCF4 /* FilialenCell.swift in Sources */ = {isa = PBXBuildFile; fileRef = 880BE50C2426B039008DCCF4 /* FilialenCell.swift */; };
		880BE50F2426B0A3008DCCF4 /* Person.swift in Sources */ = {isa = PBXBuildFile; fileRef = 880BE50E2426B0A3008DCCF4 /* Person.swift */; };
		880BE5112426B318008DCCF4 /* ModelData.swift in Sources */ = {isa = PBXBuildFile; fileRef = 880BE5102426B318008DCCF4 /* ModelData.swift */; };
		880BE5132426B4F2008DCCF4 /* Filiale.swift in Sources */ = {isa = PBXBuildFile; fileRef = 880BE5122426B4F2008DCCF4 /* Filiale.swift */; };
		8890946D2426EAB1004CD2EB /* CheckTab.swift in Sources */ = {isa = PBXBuildFile; fileRef = 8890946C2426EAB1004CD2EB /* CheckTab.swift */; };
		8890946F2426EEE7004CD2EB /* Kamera.swift in Sources */ = {isa = PBXBuildFile; fileRef = 8890946E2426EEE7004CD2EB /* Kamera.swift */; };
		889094712426F36F004CD2EB /* CustomerCheckTab.swift in Sources */ = {isa = PBXBuildFile; fileRef = 889094702426F36F004CD2EB /* CustomerCheckTab.swift */; };
/* End PBXBuildFile section */

/* Begin PBXFileReference section */
		7FAA10B1AAF4D3078E1381CF /* Pods_Covid_Entrance_Check.framework */ = {isa = PBXFileReference; explicitFileType = wrapper.framework; includeInIndex = 0; path = Pods_Covid_Entrance_Check.framework; sourceTree = BUILT_PRODUCTS_DIR; };
		880BE4F32426A0E2008DCCF4 /* Covid Entrance Check.app */ = {isa = PBXFileReference; explicitFileType = wrapper.application; includeInIndex = 0; path = "Covid Entrance Check.app"; sourceTree = BUILT_PRODUCTS_DIR; };
		880BE4F62426A0E2008DCCF4 /* AppDelegate.swift */ = {isa = PBXFileReference; lastKnownFileType = sourcecode.swift; path = AppDelegate.swift; sourceTree = "<group>"; };
		880BE4F82426A0E2008DCCF4 /* SceneDelegate.swift */ = {isa = PBXFileReference; lastKnownFileType = sourcecode.swift; path = SceneDelegate.swift; sourceTree = "<group>"; };
		880BE4FA2426A0E2008DCCF4 /* ViewController.swift */ = {isa = PBXFileReference; lastKnownFileType = sourcecode.swift; path = ViewController.swift; sourceTree = "<group>"; };
		880BE4FD2426A0E2008DCCF4 /* Base */ = {isa = PBXFileReference; lastKnownFileType = file.storyboard; name = Base; path = Base.lproj/Main.storyboard; sourceTree = "<group>"; };
		880BE4FF2426A0E4008DCCF4 /* Assets.xcassets */ = {isa = PBXFileReference; lastKnownFileType = folder.assetcatalog; path = Assets.xcassets; sourceTree = "<group>"; };
		880BE5022426A0E4008DCCF4 /* Base */ = {isa = PBXFileReference; lastKnownFileType = file.storyboard; name = Base; path = Base.lproj/LaunchScreen.storyboard; sourceTree = "<group>"; };
		880BE5042426A0E4008DCCF4 /* Info.plist */ = {isa = PBXFileReference; lastKnownFileType = text.plist.xml; path = Info.plist; sourceTree = "<group>"; };
		880BE50A2426AFD5008DCCF4 /* FilialenFinderTab.swift */ = {isa = PBXFileReference; lastKnownFileType = sourcecode.swift; path = FilialenFinderTab.swift; sourceTree = "<group>"; };
		880BE50C2426B039008DCCF4 /* FilialenCell.swift */ = {isa = PBXFileReference; lastKnownFileType = sourcecode.swift; path = FilialenCell.swift; sourceTree = "<group>"; };
		880BE50E2426B0A3008DCCF4 /* Person.swift */ = {isa = PBXFileReference; lastKnownFileType = sourcecode.swift; path = Person.swift; sourceTree = "<group>"; };
		880BE5102426B318008DCCF4 /* ModelData.swift */ = {isa = PBXFileReference; lastKnownFileType = sourcecode.swift; path = ModelData.swift; sourceTree = "<group>"; };
		880BE5122426B4F2008DCCF4 /* Filiale.swift */ = {isa = PBXFileReference; lastKnownFileType = sourcecode.swift; path = Filiale.swift; sourceTree = "<group>"; };
		8890946C2426EAB1004CD2EB /* CheckTab.swift */ = {isa = PBXFileReference; lastKnownFileType = sourcecode.swift; path = CheckTab.swift; sourceTree = "<group>"; };
		8890946E2426EEE7004CD2EB /* Kamera.swift */ = {isa = PBXFileReference; fileEncoding = 4; lastKnownFileType = sourcecode.swift; path = Kamera.swift; sourceTree = "<group>"; };
		889094702426F36F004CD2EB /* CustomerCheckTab.swift */ = {isa = PBXFileReference; lastKnownFileType = sourcecode.swift; path = CustomerCheckTab.swift; sourceTree = "<group>"; };
		AA3B310732164CB4C8EAFDD0 /* Pods-Covid Entrance Check.debug.xcconfig */ = {isa = PBXFileReference; includeInIndex = 1; lastKnownFileType = text.xcconfig; name = "Pods-Covid Entrance Check.debug.xcconfig"; path = "Target Support Files/Pods-Covid Entrance Check/Pods-Covid Entrance Check.debug.xcconfig"; sourceTree = "<group>"; };
		EF9CA2CA0DCFF9676EBA086D /* Pods-Covid Entrance Check.release.xcconfig */ = {isa = PBXFileReference; includeInIndex = 1; lastKnownFileType = text.xcconfig; name = "Pods-Covid Entrance Check.release.xcconfig"; path = "Target Support Files/Pods-Covid Entrance Check/Pods-Covid Entrance Check.release.xcconfig"; sourceTree = "<group>"; };
/* End PBXFileReference section */

/* Begin PBXFrameworksBuildPhase section */
		880BE4F02426A0E2008DCCF4 /* Frameworks */ = {
			isa = PBXFrameworksBuildPhase;
			buildActionMask = 2147483647;
			files = (
				418E8F96634A6DE38D62F092 /* Pods_Covid_Entrance_Check.framework in Frameworks */,
			);
			runOnlyForDeploymentPostprocessing = 0;
		};
/* End PBXFrameworksBuildPhase section */

/* Begin PBXGroup section */
		7C4D798DA965D157074A5E34 /* Pods */ = {
			isa = PBXGroup;
			children = (
				AA3B310732164CB4C8EAFDD0 /* Pods-Covid Entrance Check.debug.xcconfig */,
				EF9CA2CA0DCFF9676EBA086D /* Pods-Covid Entrance Check.release.xcconfig */,
			);
			path = Pods;
			sourceTree = "<group>";
		};
		880BE4EA2426A0E2008DCCF4 = {
			isa = PBXGroup;
			children = (
				880BE4F52426A0E2008DCCF4 /* Covid Entrance Check */,
				880BE4F42426A0E2008DCCF4 /* Products */,
				7C4D798DA965D157074A5E34 /* Pods */,
				F50740A539DE210DAC77ED3B /* Frameworks */,
			);
			sourceTree = "<group>";
		};
		880BE4F42426A0E2008DCCF4 /* Products */ = {
			isa = PBXGroup;
			children = (
				880BE4F32426A0E2008DCCF4 /* Covid Entrance Check.app */,
			);
			name = Products;
			sourceTree = "<group>";
		};
		880BE4F52426A0E2008DCCF4 /* Covid Entrance Check */ = {
			isa = PBXGroup;
			children = (
				880BE4F62426A0E2008DCCF4 /* AppDelegate.swift */,
				880BE4F82426A0E2008DCCF4 /* SceneDelegate.swift */,
				880BE4FA2426A0E2008DCCF4 /* ViewController.swift */,
				880BE4FC2426A0E2008DCCF4 /* Main.storyboard */,
				880BE4FF2426A0E4008DCCF4 /* Assets.xcassets */,
				880BE5012426A0E4008DCCF4 /* LaunchScreen.storyboard */,
				880BE5042426A0E4008DCCF4 /* Info.plist */,
				880BE50A2426AFD5008DCCF4 /* FilialenFinderTab.swift */,
				880BE50C2426B039008DCCF4 /* FilialenCell.swift */,
				880BE50E2426B0A3008DCCF4 /* Person.swift */,
				8890946E2426EEE7004CD2EB /* Kamera.swift */,
				880BE5102426B318008DCCF4 /* ModelData.swift */,
				880BE5122426B4F2008DCCF4 /* Filiale.swift */,
				8890946C2426EAB1004CD2EB /* CheckTab.swift */,
				889094702426F36F004CD2EB /* CustomerCheckTab.swift */,
			);
			path = "Covid Entrance Check";
			sourceTree = "<group>";
		};
		F50740A539DE210DAC77ED3B /* Frameworks */ = {
			isa = PBXGroup;
			children = (
				7FAA10B1AAF4D3078E1381CF /* Pods_Covid_Entrance_Check.framework */,
			);
			name = Frameworks;
			sourceTree = "<group>";
		};
/* End PBXGroup section */

/* Begin PBXNativeTarget section */
		880BE4F22426A0E2008DCCF4 /* Covid Entrance Check */ = {
			isa = PBXNativeTarget;
			buildConfigurationList = 880BE5072426A0E4008DCCF4 /* Build configuration list for PBXNativeTarget "Covid Entrance Check" */;
			buildPhases = (
				FED6072E4B59C97CDA48D6EA /* [CP] Check Pods Manifest.lock */,
				880BE4EF2426A0E2008DCCF4 /* Sources */,
				880BE4F02426A0E2008DCCF4 /* Frameworks */,
				880BE4F12426A0E2008DCCF4 /* Resources */,
				7BB65327A7ACB753B30C2ABD /* [CP] Embed Pods Frameworks */,
			);
			buildRules = (
			);
			dependencies = (
			);
			name = "Covid Entrance Check";
			productName = "Covid Entrance Check";
			productReference = 880BE4F32426A0E2008DCCF4 /* Covid Entrance Check.app */;
			productType = "com.apple.product-type.application";
		};
/* End PBXNativeTarget section */

/* Begin PBXProject section */
		880BE4EB2426A0E2008DCCF4 /* Project object */ = {
			isa = PBXProject;
			attributes = {
				LastSwiftUpdateCheck = 1130;
				LastUpgradeCheck = 1130;
				ORGANIZATIONNAME = "Alpay Kücük";
				TargetAttributes = {
					880BE4F22426A0E2008DCCF4 = {
						CreatedOnToolsVersion = 11.3.1;
					};
				};
			};
			buildConfigurationList = 880BE4EE2426A0E2008DCCF4 /* Build configuration list for PBXProject "Covid Entrance Check" */;
			compatibilityVersion = "Xcode 9.3";
			developmentRegion = en;
			hasScannedForEncodings = 0;
			knownRegions = (
				en,
				Base,
			);
			mainGroup = 880BE4EA2426A0E2008DCCF4;
			productRefGroup = 880BE4F42426A0E2008DCCF4 /* Products */;
			projectDirPath = "";
			projectRoot = "";
			targets = (
				880BE4F22426A0E2008DCCF4 /* Covid Entrance Check */,
			);
		};
/* End PBXProject section */

/* Begin PBXResourcesBuildPhase section */
		880BE4F12426A0E2008DCCF4 /* Resources */ = {
			isa = PBXResourcesBuildPhase;
			buildActionMask = 2147483647;
			files = (
				880BE5032426A0E4008DCCF4 /* LaunchScreen.storyboard in Resources */,
				880BE5002426A0E4008DCCF4 /* Assets.xcassets in Resources */,
				880BE4FE2426A0E2008DCCF4 /* Main.storyboard in Resources */,
			);
			runOnlyForDeploymentPostprocessing = 0;
		};
/* End PBXResourcesBuildPhase section */

/* Begin PBXShellScriptBuildPhase section */
		7BB65327A7ACB753B30C2ABD /* [CP] Embed Pods Frameworks */ = {
			isa = PBXShellScriptBuildPhase;
			buildActionMask = 2147483647;
			files = (
			);
			inputFileListPaths = (
				"${PODS_ROOT}/Target Support Files/Pods-Covid Entrance Check/Pods-Covid Entrance Check-frameworks-${CONFIGURATION}-input-files.xcfilelist",
			);
			name = "[CP] Embed Pods Frameworks";
			outputFileListPaths = (
				"${PODS_ROOT}/Target Support Files/Pods-Covid Entrance Check/Pods-Covid Entrance Check-frameworks-${CONFIGURATION}-output-files.xcfilelist",
			);
			runOnlyForDeploymentPostprocessing = 0;
			shellPath = /bin/sh;
			shellScript = "\"${PODS_ROOT}/Target Support Files/Pods-Covid Entrance Check/Pods-Covid Entrance Check-frameworks.sh\"\n";
			showEnvVarsInLog = 0;
		};
		FED6072E4B59C97CDA48D6EA /* [CP] Check Pods Manifest.lock */ = {
			isa = PBXShellScriptBuildPhase;
			buildActionMask = 2147483647;
			files = (
			);
			inputFileListPaths = (
			);
			inputPaths = (
				"${PODS_PODFILE_DIR_PATH}/Podfile.lock",
				"${PODS_ROOT}/Manifest.lock",
			);
			name = "[CP] Check Pods Manifest.lock";
			outputFileListPaths = (
			);
			outputPaths = (
				"$(DERIVED_FILE_DIR)/Pods-Covid Entrance Check-checkManifestLockResult.txt",
			);
			runOnlyForDeploymentPostprocessing = 0;
			shellPath = /bin/sh;
			shellScript = "diff \"${PODS_PODFILE_DIR_PATH}/Podfile.lock\" \"${PODS_ROOT}/Manifest.lock\" > /dev/null\nif [ $? != 0 ] ; then\n    # print error to STDERR\n    echo \"error: The sandbox is not in sync with the Podfile.lock. Run 'pod install' or update your CocoaPods installation.\" >&2\n    exit 1\nfi\n# This output is used by Xcode 'outputs' to avoid re-running this script phase.\necho \"SUCCESS\" > \"${SCRIPT_OUTPUT_FILE_0}\"\n";
			showEnvVarsInLog = 0;
		};
/* End PBXShellScriptBuildPhase section */

/* Begin PBXSourcesBuildPhase section */
		880BE4EF2426A0E2008DCCF4 /* Sources */ = {
			isa = PBXSourcesBuildPhase;
			buildActionMask = 2147483647;
			files = (
				8890946F2426EEE7004CD2EB /* Kamera.swift in Sources */,
				880BE50F2426B0A3008DCCF4 /* Person.swift in Sources */,
				880BE4FB2426A0E2008DCCF4 /* ViewController.swift in Sources */,
				880BE50B2426AFD5008DCCF4 /* FilialenFinderTab.swift in Sources */,
				8890946D2426EAB1004CD2EB /* CheckTab.swift in Sources */,
				880BE50D2426B039008DCCF4 /* FilialenCell.swift in Sources */,
				880BE4F72426A0E2008DCCF4 /* AppDelegate.swift in Sources */,
				880BE4F92426A0E2008DCCF4 /* SceneDelegate.swift in Sources */,
				889094712426F36F004CD2EB /* CustomerCheckTab.swift in Sources */,
				880BE5132426B4F2008DCCF4 /* Filiale.swift in Sources */,
				880BE5112426B318008DCCF4 /* ModelData.swift in Sources */,
			);
			runOnlyForDeploymentPostprocessing = 0;
		};
/* End PBXSourcesBuildPhase section */

/* Begin PBXVariantGroup section */
		880BE4FC2426A0E2008DCCF4 /* Main.storyboard */ = {
			isa = PBXVariantGroup;
			children = (
				880BE4FD2426A0E2008DCCF4 /* Base */,
			);
			name = Main.storyboard;
			sourceTree = "<group>";
		};
		880BE5012426A0E4008DCCF4 /* LaunchScreen.storyboard */ = {
			isa = PBXVariantGroup;
			children = (
				880BE5022426A0E4008DCCF4 /* Base */,
			);
			name = LaunchScreen.storyboard;
			sourceTree = "<group>";
		};
/* End PBXVariantGroup section */

/* Begin XCBuildConfiguration section */
		880BE5052426A0E4008DCCF4 /* Debug */ = {
			isa = XCBuildConfiguration;
			buildSettings = {
				ALWAYS_SEARCH_USER_PATHS = NO;
				CLANG_ANALYZER_NONNULL = YES;
				CLANG_ANALYZER_NUMBER_OBJECT_CONVERSION = YES_AGGRESSIVE;
				CLANG_CXX_LANGUAGE_STANDARD = "gnu++14";
				CLANG_CXX_LIBRARY = "libc++";
				CLANG_ENABLE_MODULES = YES;
				CLANG_ENABLE_OBJC_ARC = YES;
				CLANG_ENABLE_OBJC_WEAK = YES;
				CLANG_WARN_BLOCK_CAPTURE_AUTORELEASING = YES;
				CLANG_WARN_BOOL_CONVERSION = YES;
				CLANG_WARN_COMMA = YES;
				CLANG_WARN_CONSTANT_CONVERSION = YES;
				CLANG_WARN_DEPRECATED_OBJC_IMPLEMENTATIONS = YES;
				CLANG_WARN_DIRECT_OBJC_ISA_USAGE = YES_ERROR;
				CLANG_WARN_DOCUMENTATION_COMMENTS = YES;
				CLANG_WARN_EMPTY_BODY = YES;
				CLANG_WARN_ENUM_CONVERSION = YES;
				CLANG_WARN_INFINITE_RECURSION = YES;
				CLANG_WARN_INT_CONVERSION = YES;
				CLANG_WARN_NON_LITERAL_NULL_CONVERSION = YES;
				CLANG_WARN_OBJC_IMPLICIT_RETAIN_SELF = YES;
				CLANG_WARN_OBJC_LITERAL_CONVERSION = YES;
				CLANG_WARN_OBJC_ROOT_CLASS = YES_ERROR;
				CLANG_WARN_RANGE_LOOP_ANALYSIS = YES;
				CLANG_WARN_STRICT_PROTOTYPES = YES;
				CLANG_WARN_SUSPICIOUS_MOVE = YES;
				CLANG_WARN_UNGUARDED_AVAILABILITY = YES_AGGRESSIVE;
				CLANG_WARN_UNREACHABLE_CODE = YES;
				CLANG_WARN__DUPLICATE_METHOD_MATCH = YES;
				COPY_PHASE_STRIP = NO;
				DEBUG_INFORMATION_FORMAT = dwarf;
				ENABLE_STRICT_OBJC_MSGSEND = YES;
				ENABLE_TESTABILITY = YES;
				GCC_C_LANGUAGE_STANDARD = gnu11;
				GCC_DYNAMIC_NO_PIC = NO;
				GCC_NO_COMMON_BLOCKS = YES;
				GCC_OPTIMIZATION_LEVEL = 0;
				GCC_PREPROCESSOR_DEFINITIONS = (
					"DEBUG=1",
					"$(inherited)",
				);
				GCC_WARN_64_TO_32_BIT_CONVERSION = YES;
				GCC_WARN_ABOUT_RETURN_TYPE = YES_ERROR;
				GCC_WARN_UNDECLARED_SELECTOR = YES;
				GCC_WARN_UNINITIALIZED_AUTOS = YES_AGGRESSIVE;
				GCC_WARN_UNUSED_FUNCTION = YES;
				GCC_WARN_UNUSED_VARIABLE = YES;
				IPHONEOS_DEPLOYMENT_TARGET = 13.2;
				MTL_ENABLE_DEBUG_INFO = INCLUDE_SOURCE;
				MTL_FAST_MATH = YES;
				ONLY_ACTIVE_ARCH = YES;
				SDKROOT = iphoneos;
				SWIFT_ACTIVE_COMPILATION_CONDITIONS = DEBUG;
				SWIFT_OPTIMIZATION_LEVEL = "-Onone";
			};
			name = Debug;
		};
		880BE5062426A0E4008DCCF4 /* Release */ = {
			isa = XCBuildConfiguration;
			buildSettings = {
				ALWAYS_SEARCH_USER_PATHS = NO;
				CLANG_ANALYZER_NONNULL = YES;
				CLANG_ANALYZER_NUMBER_OBJECT_CONVERSION = YES_AGGRESSIVE;
				CLANG_CXX_LANGUAGE_STANDARD = "gnu++14";
				CLANG_CXX_LIBRARY = "libc++";
				CLANG_ENABLE_MODULES = YES;
				CLANG_ENABLE_OBJC_ARC = YES;
				CLANG_ENABLE_OBJC_WEAK = YES;
				CLANG_WARN_BLOCK_CAPTURE_AUTORELEASING = YES;
				CLANG_WARN_BOOL_CONVERSION = YES;
				CLANG_WARN_COMMA = YES;
				CLANG_WARN_CONSTANT_CONVERSION = YES;
				CLANG_WARN_DEPRECATED_OBJC_IMPLEMENTATIONS = YES;
				CLANG_WARN_DIRECT_OBJC_ISA_USAGE = YES_ERROR;
				CLANG_WARN_DOCUMENTATION_COMMENTS = YES;
				CLANG_WARN_EMPTY_BODY = YES;
				CLANG_WARN_ENUM_CONVERSION = YES;
				CLANG_WARN_INFINITE_RECURSION = YES;
				CLANG_WARN_INT_CONVERSION = YES;
				CLANG_WARN_NON_LITERAL_NULL_CONVERSION = YES;
				CLANG_WARN_OBJC_IMPLICIT_RETAIN_SELF = YES;
				CLANG_WARN_OBJC_LITERAL_CONVERSION = YES;
				CLANG_WARN_OBJC_ROOT_CLASS = YES_ERROR;
				CLANG_WARN_RANGE_LOOP_ANALYSIS = YES;
				CLANG_WARN_STRICT_PROTOTYPES = YES;
				CLANG_WARN_SUSPICIOUS_MOVE = YES;
				CLANG_WARN_UNGUARDED_AVAILABILITY = YES_AGGRESSIVE;
				CLANG_WARN_UNREACHABLE_CODE = YES;
				CLANG_WARN__DUPLICATE_METHOD_MATCH = YES;
				COPY_PHASE_STRIP = NO;
				DEBUG_INFORMATION_FORMAT = "dwarf-with-dsym";
				ENABLE_NS_ASSERTIONS = NO;
				ENABLE_STRICT_OBJC_MSGSEND = YES;
				GCC_C_LANGUAGE_STANDARD = gnu11;
				GCC_NO_COMMON_BLOCKS = YES;
				GCC_WARN_64_TO_32_BIT_CONVERSION = YES;
				GCC_WARN_ABOUT_RETURN_TYPE = YES_ERROR;
				GCC_WARN_UNDECLARED_SELECTOR = YES;
				GCC_WARN_UNINITIALIZED_AUTOS = YES_AGGRESSIVE;
				GCC_WARN_UNUSED_FUNCTION = YES;
				GCC_WARN_UNUSED_VARIABLE = YES;
				IPHONEOS_DEPLOYMENT_TARGET = 13.2;
				MTL_ENABLE_DEBUG_INFO = NO;
				MTL_FAST_MATH = YES;
				SDKROOT = iphoneos;
				SWIFT_COMPILATION_MODE = wholemodule;
				SWIFT_OPTIMIZATION_LEVEL = "-O";
				VALIDATE_PRODUCT = YES;
			};
			name = Release;
		};
		880BE5082426A0E4008DCCF4 /* Debug */ = {
			isa = XCBuildConfiguration;
			baseConfigurationReference = AA3B310732164CB4C8EAFDD0 /* Pods-Covid Entrance Check.debug.xcconfig */;
			buildSettings = {
				ASSETCATALOG_COMPILER_APPICON_NAME = "AppIcon-1";
				CODE_SIGN_STYLE = Automatic;
				DEVELOPMENT_TEAM = CMCESWENEQ;
				INFOPLIST_FILE = "Covid Entrance Check/Info.plist";
				LD_RUNPATH_SEARCH_PATHS = (
					"$(inherited)",
					"@executable_path/Frameworks",
				);
				PRODUCT_BUNDLE_IDENTIFIER = "CyberFacility.Covid-Entrance-Check";
				PRODUCT_NAME = "$(TARGET_NAME)";
				SWIFT_VERSION = 5.0;
				TARGETED_DEVICE_FAMILY = "1,2";
			};
			name = Debug;
		};
		880BE5092426A0E4008DCCF4 /* Release */ = {
			isa = XCBuildConfiguration;
			baseConfigurationReference = EF9CA2CA0DCFF9676EBA086D /* Pods-Covid Entrance Check.release.xcconfig */;
			buildSettings = {
				ASSETCATALOG_COMPILER_APPICON_NAME = "AppIcon-1";
				CODE_SIGN_STYLE = Automatic;
				DEVELOPMENT_TEAM = CMCESWENEQ;
				INFOPLIST_FILE = "Covid Entrance Check/Info.plist";
				LD_RUNPATH_SEARCH_PATHS = (
					"$(inherited)",
					"@executable_path/Frameworks",
				);
				PRODUCT_BUNDLE_IDENTIFIER = "CyberFacility.Covid-Entrance-Check";
				PRODUCT_NAME = "$(TARGET_NAME)";
				SWIFT_VERSION = 5.0;
				TARGETED_DEVICE_FAMILY = "1,2";
			};
			name = Release;
		};
/* End XCBuildConfiguration section */

/* Begin XCConfigurationList section */
		880BE4EE2426A0E2008DCCF4 /* Build configuration list for PBXProject "Covid Entrance Check" */ = {
			isa = XCConfigurationList;
			buildConfigurations = (
				880BE5052426A0E4008DCCF4 /* Debug */,
				880BE5062426A0E4008DCCF4 /* Release */,
			);
			defaultConfigurationIsVisible = 0;
			defaultConfigurationName = Release;
		};
		880BE5072426A0E4008DCCF4 /* Build configuration list for PBXNativeTarget "Covid Entrance Check" */ = {
			isa = XCConfigurationList;
			buildConfigurations = (
				880BE5082426A0E4008DCCF4 /* Debug */,
				880BE5092426A0E4008DCCF4 /* Release */,
			);
			defaultConfigurationIsVisible = 0;
			defaultConfigurationName = Release;
		};
/* End XCConfigurationList section */
	};
	rootObject = 880BE4EB2426A0E2008DCCF4 /* Project object */;
}
